
Microsoft Visual Studio Solution File, Format Version 12.00
# Visual Studio 14
VisualStudioVersion = 14.0.23207.2
MinimumVisualStudioVersion = 10.0.40219.1
Project("{FAE04EC0-301F-11D3-BF4B-00C04F79EFBC}") = "Libgit2Fx", "Libgit2Fx.csproj", "{F6FF5F8F-BD30-46E7-88CE-076556B76B0A}"
EndProject
Global
	GlobalSection(SolutionConfigurationPlatforms) = preSolution
		Debug|Any CPU = Debug|Any CPU
		Release|Any CPU = Release|Any CPU
	EndGlobalSection
	GlobalSection(ProjectConfigurationPlatforms) = postSolution
		{F6FF5F8F-BD30-46E7-88CE-076556B76B0A}.Debug|Any CPU.ActiveCfg = Debug|Any CPU
		{F6FF5F8F-BD30-46E7-88CE-076556B76B0A}.Debug|Any CPU.Build.0 = Debug|Any CPU
		{F6FF5F8F-BD30-46E7-88CE-076556B76B0A}.Release|Any CPU.ActiveCfg = Release|Any CPU
		{F6FF5F8F-BD30-46E7-88CE-076556B76B0A}.Release|Any CPU.Build.0 = Release|Any CPU
	EndGlobalSection
	GlobalSection(SolutionProperties) = preSolution
		HideSolutionNode = FALSE
	EndGlobalSection
EndGlobal
